
Microsoft Visual Studio Solution File, Format Version 12.00
Project("{FAE04EC0-301F-11D3-BF4B-00C04F79EFBC}") = "JSContainer", "JSContainer\JSContainer.csproj", "{CB1E48D3-5DCF-4194-941A-59ECD2C96BCC}"
EndProject
Project("{FAE04EC0-301F-11D3-BF4B-00C04F79EFBC}") = "TestFramework", "TestFramework\TestFramework.csproj", "{462CFEA5-B9EC-4D4F-8DE7-945DBD84F040}"
EndProject
Project("{FAE04EC0-301F-11D3-BF4B-00C04F79EFBC}") = "ConsoleExample", "ConsoleExample\ConsoleExample.csproj", "{5D16D70D-6157-4C14-87D1-22C1F427992E}"
EndProject
Global
	GlobalSection(SolutionConfigurationPlatforms) = preSolution
		Debug|Any CPU = Debug|Any CPU
		Release|Any CPU = Release|Any CPU
	EndGlobalSection
	GlobalSection(ProjectConfigurationPlatforms) = postSolution
		{CB1E48D3-5DCF-4194-941A-59ECD2C96BCC}.Debug|Any CPU.ActiveCfg = Debug|Any CPU
		{CB1E48D3-5DCF-4194-941A-59ECD2C96BCC}.Debug|Any CPU.Build.0 = Debug|Any CPU
		{CB1E48D3-5DCF-4194-941A-59ECD2C96BCC}.Release|Any CPU.ActiveCfg = Release|Any CPU
		{CB1E48D3-5DCF-4194-941A-59ECD2C96BCC}.Release|Any CPU.Build.0 = Release|Any CPU
		{462CFEA5-B9EC-4D4F-8DE7-945DBD84F040}.Debug|Any CPU.ActiveCfg = Debug|Any CPU
		{462CFEA5-B9EC-4D4F-8DE7-945DBD84F040}.Debug|Any CPU.Build.0 = Debug|Any CPU
		{462CFEA5-B9EC-4D4F-8DE7-945DBD84F040}.Release|Any CPU.ActiveCfg = Release|Any CPU
		{462CFEA5-B9EC-4D4F-8DE7-945DBD84F040}.Release|Any CPU.Build.0 = Release|Any CPU
		{5D16D70D-6157-4C14-87D1-22C1F427992E}.Debug|Any CPU.ActiveCfg = Debug|Any CPU
		{5D16D70D-6157-4C14-87D1-22C1F427992E}.Debug|Any CPU.Build.0 = Debug|Any CPU
		{5D16D70D-6157-4C14-87D1-22C1F427992E}.Release|Any CPU.ActiveCfg = Release|Any CPU
		{5D16D70D-6157-4C14-87D1-22C1F427992E}.Release|Any CPU.Build.0 = Release|Any CPU
	EndGlobalSection
EndGlobal
